
Microsoft Visual Studio Solution File, Format Version 12.00
# Visual Studio Version 17
VisualStudioVersion = 17.4.33205.214
MinimumVisualStudioVersion = 10.0.40219.1
Project("{888888A0-9F3D-457C-B088-3A5042F75D52}") = "01_PytorchExtraCurriculum", "01_PytorchExtraCurriculum\01_PytorchExtraCurriculum.pyproj", "{1A58D7DD-56BE-4062-86A2-58BECA643028}"
EndProject
Global
	GlobalSection(SolutionConfigurationPlatforms) = preSolution
		Debug|Any CPU = Debug|Any CPU
		Release|Any CPU = Release|Any CPU
	EndGlobalSection
	GlobalSection(ProjectConfigurationPlatforms) = postSolution
		{1A58D7DD-56BE-4062-86A2-58BECA643028}.Debug|Any CPU.ActiveCfg = Debug|Any CPU
		{1A58D7DD-56BE-4062-86A2-58BECA643028}.Release|Any CPU.ActiveCfg = Release|Any CPU
	EndGlobalSection
	GlobalSection(SolutionProperties) = preSolution
		HideSolutionNode = FALSE
	EndGlobalSection
	GlobalSection(ExtensibilityGlobals) = postSolution
		SolutionGuid = {DACFE84B-6488-4A34-B844-B8EF2EA73F1B}
	EndGlobalSection
EndGlobal
