
Microsoft Visual Studio Solution File, Format Version 12.00
# Visual Studio Version 17
VisualStudioVersion = 17.4.33205.214
MinimumVisualStudioVersion = 10.0.40219.1
Project("{888888A0-9F3D-457C-B088-3A5042F75D52}") = "Overflow", "Overflow\Overflow.pyproj", "{F8455708-C94B-49C6-9798-9BEFB8B82740}"
EndProject
Global
	GlobalSection(SolutionConfigurationPlatforms) = preSolution
		Debug|Any CPU = Debug|Any CPU
		Release|Any CPU = Release|Any CPU
	EndGlobalSection
	GlobalSection(ProjectConfigurationPlatforms) = postSolution
		{F8455708-C94B-49C6-9798-9BEFB8B82740}.Debug|Any CPU.ActiveCfg = Debug|Any CPU
		{F8455708-C94B-49C6-9798-9BEFB8B82740}.Release|Any CPU.ActiveCfg = Release|Any CPU
	EndGlobalSection
	GlobalSection(SolutionProperties) = preSolution
		HideSolutionNode = FALSE
	EndGlobalSection
	GlobalSection(ExtensibilityGlobals) = postSolution
		SolutionGuid = {3E0B7974-67DE-4B2D-9DDF-0CE814FDB15A}
	EndGlobalSection
EndGlobal
