
Microsoft Visual Studio Solution File, Format Version 12.00
# Visual Studio Version 17
VisualStudioVersion = 17.4.33205.214
MinimumVisualStudioVersion = 10.0.40219.1
Project("{888888A0-9F3D-457C-B088-3A5042F75D52}") = "PixelPerception", "PixelPerception\PixelPerception.pyproj", "{044D22D0-7979-4E2E-A1F0-F8C464B141B0}"
EndProject
Global
	GlobalSection(SolutionConfigurationPlatforms) = preSolution
		Debug|Any CPU = Debug|Any CPU
		Release|Any CPU = Release|Any CPU
	EndGlobalSection
	GlobalSection(ProjectConfigurationPlatforms) = postSolution
		{044D22D0-7979-4E2E-A1F0-F8C464B141B0}.Debug|Any CPU.ActiveCfg = Debug|Any CPU
		{044D22D0-7979-4E2E-A1F0-F8C464B141B0}.Release|Any CPU.ActiveCfg = Release|Any CPU
	EndGlobalSection
	GlobalSection(SolutionProperties) = preSolution
		HideSolutionNode = FALSE
	EndGlobalSection
	GlobalSection(ExtensibilityGlobals) = postSolution
		SolutionGuid = {F816BFF9-F1AE-4CB5-BE3A-3FA46FD08B75}
	EndGlobalSection
EndGlobal
