
Microsoft Visual Studio Solution File, Format Version 12.00
# Visual Studio Version 17
VisualStudioVersion = 17.4.33205.214
MinimumVisualStudioVersion = 10.0.40219.1
Project("{888888A0-9F3D-457C-B088-3A5042F75D52}") = "00_PytorchExtra", "00_PytorchExtra\00_PytorchExtra.pyproj", "{237B5C54-7E2D-4BFE-861F-B155473DF85D}"
EndProject
Global
	GlobalSection(SolutionConfigurationPlatforms) = preSolution
		Debug|Any CPU = Debug|Any CPU
		Release|Any CPU = Release|Any CPU
	EndGlobalSection
	GlobalSection(ProjectConfigurationPlatforms) = postSolution
		{237B5C54-7E2D-4BFE-861F-B155473DF85D}.Debug|Any CPU.ActiveCfg = Debug|Any CPU
		{237B5C54-7E2D-4BFE-861F-B155473DF85D}.Release|Any CPU.ActiveCfg = Release|Any CPU
	EndGlobalSection
	GlobalSection(SolutionProperties) = preSolution
		HideSolutionNode = FALSE
	EndGlobalSection
	GlobalSection(ExtensibilityGlobals) = postSolution
		SolutionGuid = {301CAE35-1172-481A-AE9E-C078AF376FEA}
	EndGlobalSection
EndGlobal
