
Microsoft Visual Studio Solution File, Format Version 12.00
# Visual Studio Version 17
VisualStudioVersion = 17.4.33205.214
MinimumVisualStudioVersion = 10.0.40219.1
Project("{888888A0-9F3D-457C-B088-3A5042F75D52}") = "00_PyExercise", "00_PyExercise\00_PyExercise.pyproj", "{E3BE75DC-C132-4497-82CB-3A4BBC86C296}"
EndProject
Global
	GlobalSection(SolutionConfigurationPlatforms) = preSolution
		Debug|Any CPU = Debug|Any CPU
		Release|Any CPU = Release|Any CPU
	EndGlobalSection
	GlobalSection(ProjectConfigurationPlatforms) = postSolution
		{E3BE75DC-C132-4497-82CB-3A4BBC86C296}.Debug|Any CPU.ActiveCfg = Debug|Any CPU
		{E3BE75DC-C132-4497-82CB-3A4BBC86C296}.Release|Any CPU.ActiveCfg = Release|Any CPU
	EndGlobalSection
	GlobalSection(SolutionProperties) = preSolution
		HideSolutionNode = FALSE
	EndGlobalSection
	GlobalSection(ExtensibilityGlobals) = postSolution
		SolutionGuid = {93150343-0E6E-4A73-A356-B026C12F237C}
	EndGlobalSection
EndGlobal
