
Microsoft Visual Studio Solution File, Format Version 12.00
# Visual Studio Version 17
VisualStudioVersion = 17.4.33205.214
MinimumVisualStudioVersion = 10.0.40219.1
Project("{888888A0-9F3D-457C-B088-3A5042F75D52}") = "Skrypt", "Skrypt\Skrypt.pyproj", "{4895376F-2C4C-4071-8263-D875E4BCB05A}"
EndProject
Global
	GlobalSection(SolutionConfigurationPlatforms) = preSolution
		Debug|Any CPU = Debug|Any CPU
		Release|Any CPU = Release|Any CPU
	EndGlobalSection
	GlobalSection(ProjectConfigurationPlatforms) = postSolution
		{4895376F-2C4C-4071-8263-D875E4BCB05A}.Debug|Any CPU.ActiveCfg = Debug|Any CPU
		{4895376F-2C4C-4071-8263-D875E4BCB05A}.Release|Any CPU.ActiveCfg = Release|Any CPU
	EndGlobalSection
	GlobalSection(SolutionProperties) = preSolution
		HideSolutionNode = FALSE
	EndGlobalSection
	GlobalSection(ExtensibilityGlobals) = postSolution
		SolutionGuid = {E091F7E8-4AAE-4738-AC6D-27E0282C1D6A}
	EndGlobalSection
EndGlobal
