
Microsoft Visual Studio Solution File, Format Version 12.00
# Visual Studio Version 17
VisualStudioVersion = 17.4.33205.214
MinimumVisualStudioVersion = 10.0.40219.1
Project("{888888A0-9F3D-457C-B088-3A5042F75D52}") = "02_PyTorchExerciseNeuralNetworkClassification", "02_PyTorchExerciseNeuralNetworkClassification\02_PyTorchExerciseNeuralNetworkClassification.pyproj", "{050900BB-9B5A-41AD-8C02-F59C0AEB20CB}"
EndProject
Global
	GlobalSection(SolutionConfigurationPlatforms) = preSolution
		Debug|Any CPU = Debug|Any CPU
		Release|Any CPU = Release|Any CPU
	EndGlobalSection
	GlobalSection(ProjectConfigurationPlatforms) = postSolution
		{050900BB-9B5A-41AD-8C02-F59C0AEB20CB}.Debug|Any CPU.ActiveCfg = Debug|Any CPU
		{050900BB-9B5A-41AD-8C02-F59C0AEB20CB}.Release|Any CPU.ActiveCfg = Release|Any CPU
	EndGlobalSection
	GlobalSection(SolutionProperties) = preSolution
		HideSolutionNode = FALSE
	EndGlobalSection
	GlobalSection(ExtensibilityGlobals) = postSolution
		SolutionGuid = {A5F2FA89-C5EB-4D79-80F7-ED227D934BF7}
	EndGlobalSection
EndGlobal
