
Microsoft Visual Studio Solution File, Format Version 12.00
# Visual Studio Version 17
VisualStudioVersion = 17.4.33205.214
MinimumVisualStudioVersion = 10.0.40219.1
Project("{888888A0-9F3D-457C-B088-3A5042F75D52}") = "01_PyTorchExerciseWorkflow", "01_PyTorchExerciseWorkflow\01_PyTorchExerciseWorkflow.pyproj", "{589F9F59-AC9C-4B4C-BD5A-B72172DE9385}"
EndProject
Global
	GlobalSection(SolutionConfigurationPlatforms) = preSolution
		Debug|Any CPU = Debug|Any CPU
		Release|Any CPU = Release|Any CPU
	EndGlobalSection
	GlobalSection(ProjectConfigurationPlatforms) = postSolution
		{589F9F59-AC9C-4B4C-BD5A-B72172DE9385}.Debug|Any CPU.ActiveCfg = Debug|Any CPU
		{589F9F59-AC9C-4B4C-BD5A-B72172DE9385}.Release|Any CPU.ActiveCfg = Release|Any CPU
	EndGlobalSection
	GlobalSection(SolutionProperties) = preSolution
		HideSolutionNode = FALSE
	EndGlobalSection
	GlobalSection(ExtensibilityGlobals) = postSolution
		SolutionGuid = {FD2598ED-3D40-433E-B561-391065047715}
	EndGlobalSection
EndGlobal
